# This file is automatically @generated by Cargo.
# It is not intended for manual editing.
version = 4

[[package]]
name = "indextree"
version = "4.9.1"
source = "registry+https://github.com/rust-lang/crates.io-index"
checksum = "355c27a54366e073e1266ef91b1dd7910dc787294d7e8f92458e2e103bc95e33"

[[package]]
name = "neomark"
version = "0.1.0"
dependencies = [
 "indextree",
]
